{
  "name": "@aniojs/node-fs-clean-directory",
  "version": "0.1.4",
  "lockfileVersion": 3,
  "requires": true,
  "packages": {
    "": {
      "name": "@aniojs/node-fs-clean-directory",
      "version": "0.1.4",
      "license": "MIT",
      "devDependencies": {
        "@aniojs/node-fs-remove": "^0.1.7",
        "@aniojs/node-fs-scandir": "^0.2.4",
        "@fourtune/core": "^0.1101.0",
        "@fourtune/realm-js": "^1.0.3",
        "fourtune": "^0.30000.1"
      },
      "engines": {
        "node": ">=22.7.x"
      },
      "peerDependencies": {
        "@types/node": ">=22.7.x"
      }
    },
    "node_modules/@anio-js-foundation/str-colorize": {
      "version": "2.1.0",
      "resolved": "https://registry.npmjs.org/@anio-js-foundation/str-colorize/-/str-colorize-2.1.0.tgz",
      "integrity": "sha512-p3ZIaBZGdMzX52jdHHlhl2c2sgqhhvtBQ6AQSoQ5lmvkpmDZga9/b172xhrSRx0gQH8/g94m+5wRwUjBOh6Z0w==",
      "dev": true
    },
    "node_modules/@anio-node-foundation/cli-parse-args": {
      "version": "3.0.0",
      "resolved": "https://registry.npmjs.org/@anio-node-foundation/cli-parse-args/-/cli-parse-args-3.0.0.tgz",
      "integrity": "sha512-1/4iUcVKuZyLT7EMxyZogXgU6RfWklohWU0g5hsGOUEBqgKQ4PgePDrO6mUMw6neCBuQLbxAEhD/K+9kg6lGgg==",
      "dev": true
    },
    "node_modules/@anio-software/fs": {
      "version": "0.6.0",
      "resolved": "https://registry.npmjs.org/@anio-software/fs/-/fs-0.6.0.tgz",
      "integrity": "sha512-wjVq+gY+tqovkE2aXnBoAL7k4yycvLvcRitLIT05TmjvafbnG/7kfsqqGlIaZaoZC3Jd/F6+c+b+P1YMCZD8KQ==",
      "dev": true
    },
    "node_modules/@aniojs/node-fs-remove": {
      "version": "0.1.7",
      "resolved": "https://registry.npmjs.org/@aniojs/node-fs-remove/-/node-fs-remove-0.1.7.tgz",
      "integrity": "sha512-7bsE8K9vXr3q/YD94qfVZoYFfnE7TngI9t1GrE8wV8CS30Rr0rH8ZPXH+YOEJRGpJs5tcwuvoX/ZXiAp4UrZRA==",
      "dev": true,
      "license": "MIT",
      "engines": {
        "node": ">=22.7.x"
      },
      "peerDependencies": {
        "@types/node": ">=22.7.x"
      }
    },
    "node_modules/@aniojs/node-fs-scandir": {
      "version": "0.2.4",
      "resolved": "https://registry.npmjs.org/@aniojs/node-fs-scandir/-/node-fs-scandir-0.2.4.tgz",
      "integrity": "sha512-azoLt9aDYEM4y3FM1ruw+kkfvBXRAZJ8PwLwL8XPLGlukmeEChi26U2mf6Kw6Kp6tLCWkwB+vTctts8MWuxAXQ==",
      "dev": true,
      "license": "MIT",
      "engines": {
        "node": ">=22.7.x"
      },
      "peerDependencies": {
        "@types/node": ">=22.7.x"
      }
    },
    "node_modules/@fourtune/core": {
      "version": "0.1101.0",
      "resolved": "https://registry.npmjs.org/@fourtune/core/-/core-0.1101.0.tgz",
      "integrity": "sha512-qUBTZj5GzvJnKbFbELy+nZCdJ/xKcSD234PtBf2/puoTY3gL/4ab5TEaAPZdtgxz+mOXREZ80SLEubBrwUV6aw==",
      "dev": true,
      "license": "MIT"
    },
    "node_modules/@fourtune/js-and-web-runtime-and-rollup-plugins": {
      "version": "0.35000.0",
      "resolved": "https://registry.npmjs.org/@fourtune/js-and-web-runtime-and-rollup-plugins/-/js-and-web-runtime-and-rollup-plugins-0.35000.0.tgz",
      "integrity": "sha512-onzdCoWtrTcWLVO/7EJ1lYMQAhrdLr/RmCZNY20j1XV6nRrZzTMrN5hY3nEJezLLPqtQSprNshL0LhITU0/syg==",
      "dev": true,
      "license": "MIT"
    },
    "node_modules/@fourtune/realm-js": {
      "version": "1.0.3",
      "resolved": "https://registry.npmjs.org/@fourtune/realm-js/-/realm-js-1.0.3.tgz",
      "integrity": "sha512-t6rwsuHeKqy5qXZJsB4l4verHt7Lby7h8obSCxmuxCN1vLWwHcMjF0rMmxYkjrMtO2Onb0hq0eGrVM2gEEiAAA==",
      "dev": true,
      "license": "MIT",
      "dependencies": {
        "@anio-software/fs": "0.6.0",
        "@fourtune/js-and-web-runtime-and-rollup-plugins": "^0.35000.0"
      },
      "peerDependencies": {
        "@fourtune/core": "0.x",
        "@types/node": "22.x"
      }
    },
    "node_modules/@types/node": {
      "version": "22.7.5",
      "resolved": "https://registry.npmjs.org/@types/node/-/node-22.7.5.tgz",
      "integrity": "sha512-jML7s2NAzMWc//QSJ1a3prpk78cOPchGvXJsC3C6R6PSMoooztvRVQEz89gmBTBY1SPMaqo5teB4uNHPdetShQ==",
      "peer": true,
      "dependencies": {
        "undici-types": "~6.19.2"
      }
    },
    "node_modules/fourtune": {
      "version": "0.30000.1",
      "resolved": "https://registry.npmjs.org/fourtune/-/fourtune-0.30000.1.tgz",
      "integrity": "sha512-6Y+lhs+Yiq0QapLtj5lKSKXrDKm/cU3ZJaismYF+xUGRMMkKIVH/w4nlPooBu6wf/UHDPa11i8+5YUGqWe2/9Q==",
      "dev": true,
      "license": "MIT",
      "dependencies": {
        "@anio-js-foundation/str-colorize": "^2.1.0",
        "@anio-node-foundation/cli-parse-args": "^3.0.0",
        "@anio-software/fs": "^0.6.0"
      },
      "bin": {
        "fourtune": "src/cli.mjs"
      },
      "peerDependencies": {
        "@fourtune/core": "0.x"
      }
    },
    "node_modules/undici-types": {
      "version": "6.19.8",
      "resolved": "https://registry.npmjs.org/undici-types/-/undici-types-6.19.8.tgz",
      "integrity": "sha512-ve2KP6f/JnbPBFyobGHuerC9g1FYGn/F8n1LWTwNxCEzd6IfqTwUQcNXgEtmmQ6DlRrC1hrSrBnCZPokRrDHjw==",
      "peer": true
    }
  }
}
